// !$*UTF8*$!
{
	archiveVersion = 1;
	classes = {
	};
	objectVersion = 56;
	objects = {

/* Begin PBXBuildFile section */
		36D986A5290B001E005BD1AC /* SwiftConCurrency_Async_TaskApp.swift in Sources */ = {isa = PBXBuildFile; fileRef = 36D986A4290B001E005BD1AC /* SwiftConCurrency_Async_TaskApp.swift */; };
		36D986A7290B001E005BD1AC /* ContentView.swift in Sources */ = {isa = PBXBuildFile; fileRef = 36D986A6290B001E005BD1AC /* ContentView.swift */; };
		36D986A9290B0020005BD1AC /* Assets.xcassets in Resources */ = {isa = PBXBuildFile; fileRef = 36D986A8290B0020005BD1AC /* Assets.xcassets */; };
		36D986AC290B0020005BD1AC /* Preview Assets.xcassets in Resources */ = {isa = PBXBuildFile; fileRef = 36D986AB290B0020005BD1AC /* Preview Assets.xcassets */; };
		36D986B3290B015C005BD1AC /* DoCatchTryThrowsBootcamp.swift in Sources */ = {isa = PBXBuildFile; fileRef = 36D986B2290B015C005BD1AC /* DoCatchTryThrowsBootcamp.swift */; };
		36D986B5290B0C7D005BD1AC /* DownloadImageAsync.swift in Sources */ = {isa = PBXBuildFile; fileRef = 36D986B4290B0C7D005BD1AC /* DownloadImageAsync.swift */; };
		36D986B7290B1806005BD1AC /* AsyncAwaitBootcamp.swift in Sources */ = {isa = PBXBuildFile; fileRef = 36D986B6290B1806005BD1AC /* AsyncAwaitBootcamp.swift */; };
		36D986B9290B2093005BD1AC /* TaskBootcamp.swift in Sources */ = {isa = PBXBuildFile; fileRef = 36D986B8290B2093005BD1AC /* TaskBootcamp.swift */; };
		36D986BB290B2C14005BD1AC /* AsyncLetBootcamp.swift in Sources */ = {isa = PBXBuildFile; fileRef = 36D986BA290B2C14005BD1AC /* AsyncLetBootcamp.swift */; };
/* End PBXBuildFile section */

/* Begin PBXFileReference section */
		36D986A1290B001E005BD1AC /* SwiftConCurrency_Async_Task.app */ = {isa = PBXFileReference; explicitFileType = wrapper.application; includeInIndex = 0; path = SwiftConCurrency_Async_Task.app; sourceTree = BUILT_PRODUCTS_DIR; };
		36D986A4290B001E005BD1AC /* SwiftConCurrency_Async_TaskApp.swift */ = {isa = PBXFileReference; lastKnownFileType = sourcecode.swift; path = SwiftConCurrency_Async_TaskApp.swift; sourceTree = "<group>"; };
		36D986A6290B001E005BD1AC /* ContentView.swift */ = {isa = PBXFileReference; lastKnownFileType = sourcecode.swift; path = ContentView.swift; sourceTree = "<group>"; };
		36D986A8290B0020005BD1AC /* Assets.xcassets */ = {isa = PBXFileReference; lastKnownFileType = folder.assetcatalog; path = Assets.xcassets; sourceTree = "<group>"; };
		36D986AB290B0020005BD1AC /* Preview Assets.xcassets */ = {isa = PBXFileReference; lastKnownFileType = folder.assetcatalog; path = "Preview Assets.xcassets"; sourceTree = "<group>"; };
		36D986B2290B015C005BD1AC /* DoCatchTryThrowsBootcamp.swift */ = {isa = PBXFileReference; lastKnownFileType = sourcecode.swift; path = DoCatchTryThrowsBootcamp.swift; sourceTree = "<group>"; };
		36D986B4290B0C7D005BD1AC /* DownloadImageAsync.swift */ = {isa = PBXFileReference; lastKnownFileType = sourcecode.swift; path = DownloadImageAsync.swift; sourceTree = "<group>"; };
		36D986B6290B1806005BD1AC /* AsyncAwaitBootcamp.swift */ = {isa = PBXFileReference; lastKnownFileType = sourcecode.swift; path = AsyncAwaitBootcamp.swift; sourceTree = "<group>"; };
		36D986B8290B2093005BD1AC /* TaskBootcamp.swift */ = {isa = PBXFileReference; lastKnownFileType = sourcecode.swift; path = TaskBootcamp.swift; sourceTree = "<group>"; };
		36D986BA290B2C14005BD1AC /* AsyncLetBootcamp.swift */ = {isa = PBXFileReference; lastKnownFileType = sourcecode.swift; path = AsyncLetBootcamp.swift; sourceTree = "<group>"; };
/* End PBXFileReference section */

/* Begin PBXFrameworksBuildPhase section */
		36D9869E290B001E005BD1AC /* Frameworks */ = {
			isa = PBXFrameworksBuildPhase;
			buildActionMask = 2147483647;
			files = (
			);
			runOnlyForDeploymentPostprocessing = 0;
		};
/* End PBXFrameworksBuildPhase section */

/* Begin PBXGroup section */
		36D98698290B001E005BD1AC = {
			isa = PBXGroup;
			children = (
				36D986A3290B001E005BD1AC /* SwiftConCurrency_Async_Task */,
				36D986A2290B001E005BD1AC /* Products */,
			);
			sourceTree = "<group>";
		};
		36D986A2290B001E005BD1AC /* Products */ = {
			isa = PBXGroup;
			children = (
				36D986A1290B001E005BD1AC /* SwiftConCurrency_Async_Task.app */,
			);
			name = Products;
			sourceTree = "<group>";
		};
		36D986A3290B001E005BD1AC /* SwiftConCurrency_Async_Task */ = {
			isa = PBXGroup;
			children = (
				36D986A4290B001E005BD1AC /* SwiftConCurrency_Async_TaskApp.swift */,
				36D986A6290B001E005BD1AC /* ContentView.swift */,
				36D986B2290B015C005BD1AC /* DoCatchTryThrowsBootcamp.swift */,
				36D986B4290B0C7D005BD1AC /* DownloadImageAsync.swift */,
				36D986B6290B1806005BD1AC /* AsyncAwaitBootcamp.swift */,
				36D986B8290B2093005BD1AC /* TaskBootcamp.swift */,
				36D986BA290B2C14005BD1AC /* AsyncLetBootcamp.swift */,
				36D986A8290B0020005BD1AC /* Assets.xcassets */,
				36D986AA290B0020005BD1AC /* Preview Content */,
			);
			path = SwiftConCurrency_Async_Task;
			sourceTree = "<group>";
		};
		36D986AA290B0020005BD1AC /* Preview Content */ = {
			isa = PBXGroup;
			children = (
				36D986AB290B0020005BD1AC /* Preview Assets.xcassets */,
			);
			path = "Preview Content";
			sourceTree = "<group>";
		};
/* End PBXGroup section */

/* Begin PBXNativeTarget section */
		36D986A0290B001E005BD1AC /* SwiftConCurrency_Async_Task */ = {
			isa = PBXNativeTarget;
			buildConfigurationList = 36D986AF290B0020005BD1AC /* Build configuration list for PBXNativeTarget "SwiftConCurrency_Async_Task" */;
			buildPhases = (
				36D9869D290B001E005BD1AC /* Sources */,
				36D9869E290B001E005BD1AC /* Frameworks */,
				36D9869F290B001E005BD1AC /* Resources */,
			);
			buildRules = (
			);
			dependencies = (
			);
			name = SwiftConCurrency_Async_Task;
			productName = SwiftConCurrency_Async_Task;
			productReference = 36D986A1290B001E005BD1AC /* SwiftConCurrency_Async_Task.app */;
			productType = "com.apple.product-type.application";
		};
/* End PBXNativeTarget section */

/* Begin PBXProject section */
		36D98699290B001E005BD1AC /* Project object */ = {
			isa = PBXProject;
			attributes = {
				BuildIndependentTargetsInParallel = 1;
				LastSwiftUpdateCheck = 1400;
				LastUpgradeCheck = 1400;
				TargetAttributes = {
					36D986A0290B001E005BD1AC = {
						CreatedOnToolsVersion = 14.0.1;
					};
				};
			};
			buildConfigurationList = 36D9869C290B001E005BD1AC /* Build configuration list for PBXProject "SwiftConCurrency_Async_Task" */;
			compatibilityVersion = "Xcode 14.0";
			developmentRegion = en;
			hasScannedForEncodings = 0;
			knownRegions = (
				en,
				Base,
			);
			mainGroup = 36D98698290B001E005BD1AC;
			productRefGroup = 36D986A2290B001E005BD1AC /* Products */;
			projectDirPath = "";
			projectRoot = "";
			targets = (
				36D986A0290B001E005BD1AC /* SwiftConCurrency_Async_Task */,
			);
		};
/* End PBXProject section */

/* Begin PBXResourcesBuildPhase section */
		36D9869F290B001E005BD1AC /* Resources */ = {
			isa = PBXResourcesBuildPhase;
			buildActionMask = 2147483647;
			files = (
				36D986AC290B0020005BD1AC /* Preview Assets.xcassets in Resources */,
				36D986A9290B0020005BD1AC /* Assets.xcassets in Resources */,
			);
			runOnlyForDeploymentPostprocessing = 0;
		};
/* End PBXResourcesBuildPhase section */

/* Begin PBXSourcesBuildPhase section */
		36D9869D290B001E005BD1AC /* Sources */ = {
			isa = PBXSourcesBuildPhase;
			buildActionMask = 2147483647;
			files = (
				36D986B5290B0C7D005BD1AC /* DownloadImageAsync.swift in Sources */,
				36D986B3290B015C005BD1AC /* DoCatchTryThrowsBootcamp.swift in Sources */,
				36D986A7290B001E005BD1AC /* ContentView.swift in Sources */,
				36D986B9290B2093005BD1AC /* TaskBootcamp.swift in Sources */,
				36D986B7290B1806005BD1AC /* AsyncAwaitBootcamp.swift in Sources */,
				36D986A5290B001E005BD1AC /* SwiftConCurrency_Async_TaskApp.swift in Sources */,
				36D986BB290B2C14005BD1AC /* AsyncLetBootcamp.swift in Sources */,
			);
			runOnlyForDeploymentPostprocessing = 0;
		};
/* End PBXSourcesBuildPhase section */

/* Begin XCBuildConfiguration section */
		36D986AD290B0020005BD1AC /* Debug */ = {
			isa = XCBuildConfiguration;
			buildSettings = {
				ALWAYS_SEARCH_USER_PATHS = NO;
				CLANG_ANALYZER_NONNULL = YES;
				CLANG_ANALYZER_NUMBER_OBJECT_CONVERSION = YES_AGGRESSIVE;
				CLANG_CXX_LANGUAGE_STANDARD = "gnu++20";
				CLANG_ENABLE_MODULES = YES;
				CLANG_ENABLE_OBJC_ARC = YES;
				CLANG_ENABLE_OBJC_WEAK = YES;
				CLANG_WARN_BLOCK_CAPTURE_AUTORELEASING = YES;
				CLANG_WARN_BOOL_CONVERSION = YES;
				CLANG_WARN_COMMA = YES;
				CLANG_WARN_CONSTANT_CONVERSION = YES;
				CLANG_WARN_DEPRECATED_OBJC_IMPLEMENTATIONS = YES;
				CLANG_WARN_DIRECT_OBJC_ISA_USAGE = YES_ERROR;
				CLANG_WARN_DOCUMENTATION_COMMENTS = YES;
				CLANG_WARN_EMPTY_BODY = YES;
				CLANG_WARN_ENUM_CONVERSION = YES;
				CLANG_WARN_INFINITE_RECURSION = YES;
				CLANG_WARN_INT_CONVERSION = YES;
				CLANG_WARN_NON_LITERAL_NULL_CONVERSION = YES;
				CLANG_WARN_OBJC_IMPLICIT_RETAIN_SELF = YES;
				CLANG_WARN_OBJC_LITERAL_CONVERSION = YES;
				CLANG_WARN_OBJC_ROOT_CLASS = YES_ERROR;
				CLANG_WARN_QUOTED_INCLUDE_IN_FRAMEWORK_HEADER = YES;
				CLANG_WARN_RANGE_LOOP_ANALYSIS = YES;
				CLANG_WARN_STRICT_PROTOTYPES = YES;
				CLANG_WARN_SUSPICIOUS_MOVE = YES;
				CLANG_WARN_UNGUARDED_AVAILABILITY = YES_AGGRESSIVE;
				CLANG_WARN_UNREACHABLE_CODE = YES;
				CLANG_WARN__DUPLICATE_METHOD_MATCH = YES;
				COPY_PHASE_STRIP = NO;
				DEBUG_INFORMATION_FORMAT = dwarf;
				ENABLE_STRICT_OBJC_MSGSEND = YES;
				ENABLE_TESTABILITY = YES;
				GCC_C_LANGUAGE_STANDARD = gnu11;
				GCC_DYNAMIC_NO_PIC = NO;
				GCC_NO_COMMON_BLOCKS = YES;
				GCC_OPTIMIZATION_LEVEL = 0;
				GCC_PREPROCESSOR_DEFINITIONS = (
					"DEBUG=1",
					"$(inherited)",
				);
				GCC_WARN_64_TO_32_BIT_CONVERSION = YES;
				GCC_WARN_ABOUT_RETURN_TYPE = YES_ERROR;
				GCC_WARN_UNDECLARED_SELECTOR = YES;
				GCC_WARN_UNINITIALIZED_AUTOS = YES_AGGRESSIVE;
				GCC_WARN_UNUSED_FUNCTION = YES;
				GCC_WARN_UNUSED_VARIABLE = YES;
				IPHONEOS_DEPLOYMENT_TARGET = 16.0;
				MTL_ENABLE_DEBUG_INFO = INCLUDE_SOURCE;
				MTL_FAST_MATH = YES;
				ONLY_ACTIVE_ARCH = YES;
				SDKROOT = iphoneos;
				SWIFT_ACTIVE_COMPILATION_CONDITIONS = DEBUG;
				SWIFT_OPTIMIZATION_LEVEL = "-Onone";
			};
			name = Debug;
		};
		36D986AE290B0020005BD1AC /* Release */ = {
			isa = XCBuildConfiguration;
			buildSettings = {
				ALWAYS_SEARCH_USER_PATHS = NO;
				CLANG_ANALYZER_NONNULL = YES;
				CLANG_ANALYZER_NUMBER_OBJECT_CONVERSION = YES_AGGRESSIVE;
				CLANG_CXX_LANGUAGE_STANDARD = "gnu++20";
				CLANG_ENABLE_MODULES = YES;
				CLANG_ENABLE_OBJC_ARC = YES;
				CLANG_ENABLE_OBJC_WEAK = YES;
				CLANG_WARN_BLOCK_CAPTURE_AUTORELEASING = YES;
				CLANG_WARN_BOOL_CONVERSION = YES;
				CLANG_WARN_COMMA = YES;
				CLANG_WARN_CONSTANT_CONVERSION = YES;
				CLANG_WARN_DEPRECATED_OBJC_IMPLEMENTATIONS = YES;
				CLANG_WARN_DIRECT_OBJC_ISA_USAGE = YES_ERROR;
				CLANG_WARN_DOCUMENTATION_COMMENTS = YES;
				CLANG_WARN_EMPTY_BODY = YES;
				CLANG_WARN_ENUM_CONVERSION = YES;
				CLANG_WARN_INFINITE_RECURSION = YES;
				CLANG_WARN_INT_CONVERSION = YES;
				CLANG_WARN_NON_LITERAL_NULL_CONVERSION = YES;
				CLANG_WARN_OBJC_IMPLICIT_RETAIN_SELF = YES;
				CLANG_WARN_OBJC_LITERAL_CONVERSION = YES;
				CLANG_WARN_OBJC_ROOT_CLASS = YES_ERROR;
				CLANG_WARN_QUOTED_INCLUDE_IN_FRAMEWORK_HEADER = YES;
				CLANG_WARN_RANGE_LOOP_ANALYSIS = YES;
				CLANG_WARN_STRICT_PROTOTYPES = YES;
				CLANG_WARN_SUSPICIOUS_MOVE = YES;
				CLANG_WARN_UNGUARDED_AVAILABILITY = YES_AGGRESSIVE;
				CLANG_WARN_UNREACHABLE_CODE = YES;
				CLANG_WARN__DUPLICATE_METHOD_MATCH = YES;
				COPY_PHASE_STRIP = NO;
				DEBUG_INFORMATION_FORMAT = "dwarf-with-dsym";
				ENABLE_NS_ASSERTIONS = NO;
				ENABLE_STRICT_OBJC_MSGSEND = YES;
				GCC_C_LANGUAGE_STANDARD = gnu11;
				GCC_NO_COMMON_BLOCKS = YES;
				GCC_WARN_64_TO_32_BIT_CONVERSION = YES;
				GCC_WARN_ABOUT_RETURN_TYPE = YES_ERROR;
				GCC_WARN_UNDECLARED_SELECTOR = YES;
				GCC_WARN_UNINITIALIZED_AUTOS = YES_AGGRESSIVE;
				GCC_WARN_UNUSED_FUNCTION = YES;
				GCC_WARN_UNUSED_VARIABLE = YES;
				IPHONEOS_DEPLOYMENT_TARGET = 16.0;
				MTL_ENABLE_DEBUG_INFO = NO;
				MTL_FAST_MATH = YES;
				SDKROOT = iphoneos;
				SWIFT_COMPILATION_MODE = wholemodule;
				SWIFT_OPTIMIZATION_LEVEL = "-O";
				VALIDATE_PRODUCT = YES;
			};
			name = Release;
		};
		36D986B0290B0020005BD1AC /* Debug */ = {
			isa = XCBuildConfiguration;
			buildSettings = {
				ASSETCATALOG_COMPILER_APPICON_NAME = AppIcon;
				ASSETCATALOG_COMPILER_GLOBAL_ACCENT_COLOR_NAME = AccentColor;
				CODE_SIGN_STYLE = Automatic;
				CURRENT_PROJECT_VERSION = 1;
				DEVELOPMENT_ASSET_PATHS = "\"SwiftConCurrency_Async_Task/Preview Content\"";
				DEVELOPMENT_TEAM = PDF8XXXYH9;
				ENABLE_PREVIEWS = YES;
				GENERATE_INFOPLIST_FILE = YES;
				INFOPLIST_KEY_UIApplicationSceneManifest_Generation = YES;
				INFOPLIST_KEY_UIApplicationSupportsIndirectInputEvents = YES;
				INFOPLIST_KEY_UILaunchScreen_Generation = YES;
				INFOPLIST_KEY_UISupportedInterfaceOrientations_iPad = "UIInterfaceOrientationPortrait UIInterfaceOrientationPortraitUpsideDown UIInterfaceOrientationLandscapeLeft UIInterfaceOrientationLandscapeRight";
				INFOPLIST_KEY_UISupportedInterfaceOrientations_iPhone = "UIInterfaceOrientationPortrait UIInterfaceOrientationLandscapeLeft UIInterfaceOrientationLandscapeRight";
				LD_RUNPATH_SEARCH_PATHS = (
					"$(inherited)",
					"@executable_path/Frameworks",
				);
				MARKETING_VERSION = 1.0;
				PRODUCT_BUNDLE_IDENTIFIER = "indigo.SwiftConCurrency-Async-Task";
				PRODUCT_NAME = "$(TARGET_NAME)";
				SWIFT_EMIT_LOC_STRINGS = YES;
				SWIFT_VERSION = 5.0;
				TARGETED_DEVICE_FAMILY = "1,2";
			};
			name = Debug;
		};
		36D986B1290B0020005BD1AC /* Release */ = {
			isa = XCBuildConfiguration;
			buildSettings = {
				ASSETCATALOG_COMPILER_APPICON_NAME = AppIcon;
				ASSETCATALOG_COMPILER_GLOBAL_ACCENT_COLOR_NAME = AccentColor;
				CODE_SIGN_STYLE = Automatic;
				CURRENT_PROJECT_VERSION = 1;
				DEVELOPMENT_ASSET_PATHS = "\"SwiftConCurrency_Async_Task/Preview Content\"";
				DEVELOPMENT_TEAM = PDF8XXXYH9;
				ENABLE_PREVIEWS = YES;
				GENERATE_INFOPLIST_FILE = YES;
				INFOPLIST_KEY_UIApplicationSceneManifest_Generation = YES;
				INFOPLIST_KEY_UIApplicationSupportsIndirectInputEvents = YES;
				INFOPLIST_KEY_UILaunchScreen_Generation = YES;
				INFOPLIST_KEY_UISupportedInterfaceOrientations_iPad = "UIInterfaceOrientationPortrait UIInterfaceOrientationPortraitUpsideDown UIInterfaceOrientationLandscapeLeft UIInterfaceOrientationLandscapeRight";
				INFOPLIST_KEY_UISupportedInterfaceOrientations_iPhone = "UIInterfaceOrientationPortrait UIInterfaceOrientationLandscapeLeft UIInterfaceOrientationLandscapeRight";
				LD_RUNPATH_SEARCH_PATHS = (
					"$(inherited)",
					"@executable_path/Frameworks",
				);
				MARKETING_VERSION = 1.0;
				PRODUCT_BUNDLE_IDENTIFIER = "indigo.SwiftConCurrency-Async-Task";
				PRODUCT_NAME = "$(TARGET_NAME)";
				SWIFT_EMIT_LOC_STRINGS = YES;
				SWIFT_VERSION = 5.0;
				TARGETED_DEVICE_FAMILY = "1,2";
			};
			name = Release;
		};
/* End XCBuildConfiguration section */

/* Begin XCConfigurationList section */
		36D9869C290B001E005BD1AC /* Build configuration list for PBXProject "SwiftConCurrency_Async_Task" */ = {
			isa = XCConfigurationList;
			buildConfigurations = (
				36D986AD290B0020005BD1AC /* Debug */,
				36D986AE290B0020005BD1AC /* Release */,
			);
			defaultConfigurationIsVisible = 0;
			defaultConfigurationName = Release;
		};
		36D986AF290B0020005BD1AC /* Build configuration list for PBXNativeTarget "SwiftConCurrency_Async_Task" */ = {
			isa = XCConfigurationList;
			buildConfigurations = (
				36D986B0290B0020005BD1AC /* Debug */,
				36D986B1290B0020005BD1AC /* Release */,
			);
			defaultConfigurationIsVisible = 0;
			defaultConfigurationName = Release;
		};
/* End XCConfigurationList section */
	};
	rootObject = 36D98699290B001E005BD1AC /* Project object */;
}
